
Microsoft Visual Studio Solution File, Format Version 12.00
Project("{2150E333-8FDC-42A3-9474-1A3956D46DE8}") = "src", "src", "{515F1222-34A6-4728-9B4A-0FECC55BD257}"
EndProject
Project("{2150E333-8FDC-42A3-9474-1A3956D46DE8}") = "tests", "tests", "{B4F54AC3-2288-4144-9506-1DDA2B3B4949}"
EndProject
Project("{FAE04EC0-301F-11D3-BF4B-00C04F79EFBC}") = "Api", "src\Api\Api.csproj", "{6E582EBB-3A3D-46BA-B531-CE826C1295CE}"
EndProject
Project("{FAE04EC0-301F-11D3-BF4B-00C04F79EFBC}") = "Domain", "src\Domain\Domain.csproj", "{0B38B9AA-3071-4D22-B523-75C0F0E99763}"
EndProject
Project("{FAE04EC0-301F-11D3-BF4B-00C04F79EFBC}") = "Application", "src\Application\Application.csproj", "{1AEA72AA-6774-4F2D-AFE0-12C942102169}"
EndProject
Project("{FAE04EC0-301F-11D3-BF4B-00C04F79EFBC}") = "Infrastructure", "src\Infrastructure\Infrastructure.csproj", "{1D249E2A-FC93-4C5E-AA05-D61F21D90D15}"
EndProject
Project("{FAE04EC0-301F-11D3-BF4B-00C04F79EFBC}") = "Api.Tests.Integration", "tests\Api.Tests.Integration\Api.Tests.Integration.csproj", "{B4FA8A86-C02D-4496-871D-128EBCAC40C2}"
EndProject
Project("{FAE04EC0-301F-11D3-BF4B-00C04F79EFBC}") = "Tests.Common", "tests\Tests.Common\Tests.Common.csproj", "{4BCE6D99-5004-41A6-813F-D69F4072AFA8}"
EndProject
Project("{FAE04EC0-301F-11D3-BF4B-00C04F79EFBC}") = "Tests.Data", "tests\Tests.Data\Tests.Data.csproj", "{27DF8B16-1F23-4EB2-BA55-E24AFCF1DF52}"
EndProject
Global
	GlobalSection(SolutionConfigurationPlatforms) = preSolution
		Debug|Any CPU = Debug|Any CPU
		Release|Any CPU = Release|Any CPU
	EndGlobalSection
	GlobalSection(ProjectConfigurationPlatforms) = postSolution
		{6E582EBB-3A3D-46BA-B531-CE826C1295CE}.Debug|Any CPU.ActiveCfg = Debug|Any CPU
		{6E582EBB-3A3D-46BA-B531-CE826C1295CE}.Debug|Any CPU.Build.0 = Debug|Any CPU
		{6E582EBB-3A3D-46BA-B531-CE826C1295CE}.Release|Any CPU.ActiveCfg = Release|Any CPU
		{6E582EBB-3A3D-46BA-B531-CE826C1295CE}.Release|Any CPU.Build.0 = Release|Any CPU
		{0B38B9AA-3071-4D22-B523-75C0F0E99763}.Debug|Any CPU.ActiveCfg = Debug|Any CPU
		{0B38B9AA-3071-4D22-B523-75C0F0E99763}.Debug|Any CPU.Build.0 = Debug|Any CPU
		{0B38B9AA-3071-4D22-B523-75C0F0E99763}.Release|Any CPU.ActiveCfg = Release|Any CPU
		{0B38B9AA-3071-4D22-B523-75C0F0E99763}.Release|Any CPU.Build.0 = Release|Any CPU
		{1AEA72AA-6774-4F2D-AFE0-12C942102169}.Debug|Any CPU.ActiveCfg = Debug|Any CPU
		{1AEA72AA-6774-4F2D-AFE0-12C942102169}.Debug|Any CPU.Build.0 = Debug|Any CPU
		{1AEA72AA-6774-4F2D-AFE0-12C942102169}.Release|Any CPU.ActiveCfg = Release|Any CPU
		{1AEA72AA-6774-4F2D-AFE0-12C942102169}.Release|Any CPU.Build.0 = Release|Any CPU
		{1D249E2A-FC93-4C5E-AA05-D61F21D90D15}.Debug|Any CPU.ActiveCfg = Debug|Any CPU
		{1D249E2A-FC93-4C5E-AA05-D61F21D90D15}.Debug|Any CPU.Build.0 = Debug|Any CPU
		{1D249E2A-FC93-4C5E-AA05-D61F21D90D15}.Release|Any CPU.ActiveCfg = Release|Any CPU
		{1D249E2A-FC93-4C5E-AA05-D61F21D90D15}.Release|Any CPU.Build.0 = Release|Any CPU
		{B4FA8A86-C02D-4496-871D-128EBCAC40C2}.Debug|Any CPU.ActiveCfg = Debug|Any CPU
		{B4FA8A86-C02D-4496-871D-128EBCAC40C2}.Debug|Any CPU.Build.0 = Debug|Any CPU
		{B4FA8A86-C02D-4496-871D-128EBCAC40C2}.Release|Any CPU.ActiveCfg = Release|Any CPU
		{B4FA8A86-C02D-4496-871D-128EBCAC40C2}.Release|Any CPU.Build.0 = Release|Any CPU
		{4BCE6D99-5004-41A6-813F-D69F4072AFA8}.Debug|Any CPU.ActiveCfg = Debug|Any CPU
		{4BCE6D99-5004-41A6-813F-D69F4072AFA8}.Debug|Any CPU.Build.0 = Debug|Any CPU
		{4BCE6D99-5004-41A6-813F-D69F4072AFA8}.Release|Any CPU.ActiveCfg = Release|Any CPU
		{4BCE6D99-5004-41A6-813F-D69F4072AFA8}.Release|Any CPU.Build.0 = Release|Any CPU
		{27DF8B16-1F23-4EB2-BA55-E24AFCF1DF52}.Debug|Any CPU.ActiveCfg = Debug|Any CPU
		{27DF8B16-1F23-4EB2-BA55-E24AFCF1DF52}.Debug|Any CPU.Build.0 = Debug|Any CPU
		{27DF8B16-1F23-4EB2-BA55-E24AFCF1DF52}.Release|Any CPU.ActiveCfg = Release|Any CPU
		{27DF8B16-1F23-4EB2-BA55-E24AFCF1DF52}.Release|Any CPU.Build.0 = Release|Any CPU
	EndGlobalSection
	GlobalSection(NestedProjects) = preSolution
		{6E582EBB-3A3D-46BA-B531-CE826C1295CE} = {515F1222-34A6-4728-9B4A-0FECC55BD257}
		{0B38B9AA-3071-4D22-B523-75C0F0E99763} = {515F1222-34A6-4728-9B4A-0FECC55BD257}
		{1AEA72AA-6774-4F2D-AFE0-12C942102169} = {515F1222-34A6-4728-9B4A-0FECC55BD257}
		{1D249E2A-FC93-4C5E-AA05-D61F21D90D15} = {515F1222-34A6-4728-9B4A-0FECC55BD257}
		{B4FA8A86-C02D-4496-871D-128EBCAC40C2} = {B4F54AC3-2288-4144-9506-1DDA2B3B4949}
		{4BCE6D99-5004-41A6-813F-D69F4072AFA8} = {B4F54AC3-2288-4144-9506-1DDA2B3B4949}
		{27DF8B16-1F23-4EB2-BA55-E24AFCF1DF52} = {B4F54AC3-2288-4144-9506-1DDA2B3B4949}
	EndGlobalSection
EndGlobal
